
Microsoft Visual Studio Solution File, Format Version 12.00
# Visual Studio 15
VisualStudioVersion = 15.0.28010.2003
MinimumVisualStudioVersion = 10.0.40219.1
Project("{FAE04EC0-301F-11D3-BF4B-00C04F79EFBC}") = "E164NumberGenerator", "E164NumberGenerator\E164NumberGenerator.csproj", "{A80BE0E5-A835-4A33-90D6-DF2C695A9C8A}"
EndProject
Global
	GlobalSection(SolutionConfigurationPlatforms) = preSolution
		Debug|Any CPU = Debug|Any CPU
		Release|Any CPU = Release|Any CPU
	EndGlobalSection
	GlobalSection(ProjectConfigurationPlatforms) = postSolution
		{A80BE0E5-A835-4A33-90D6-DF2C695A9C8A}.Debug|Any CPU.ActiveCfg = Debug|Any CPU
		{A80BE0E5-A835-4A33-90D6-DF2C695A9C8A}.Debug|Any CPU.Build.0 = Debug|Any CPU
		{A80BE0E5-A835-4A33-90D6-DF2C695A9C8A}.Release|Any CPU.ActiveCfg = Release|Any CPU
		{A80BE0E5-A835-4A33-90D6-DF2C695A9C8A}.Release|Any CPU.Build.0 = Release|Any CPU
	EndGlobalSection
	GlobalSection(SolutionProperties) = preSolution
		HideSolutionNode = FALSE
	EndGlobalSection
	GlobalSection(ExtensibilityGlobals) = postSolution
		SolutionGuid = {E174488C-2659-4CF1-8FC1-5AC0ED38E253}
	EndGlobalSection
EndGlobal
